
Microsoft Visual Studio Solution File, Format Version 12.00
# Visual Studio Version 16
VisualStudioVersion = 16.0.33529.622
MinimumVisualStudioVersion = 10.0.40219.1
Project("{8BC9CEB8-8B4A-11D0-8D11-00A0C91BC942}") = "learnOpenGL", "learnOpenGL.vcxproj", "{1AA4F6A9-FFDD-4DA9-A494-E300CB402814}"
EndProject
Global
	GlobalSection(SolutionConfigurationPlatforms) = preSolution
		Debug|x64 = Debug|x64
		Debug|x86 = Debug|x86
		Release|x64 = Release|x64
		Release|x86 = Release|x86
	EndGlobalSection
	GlobalSection(ProjectConfigurationPlatforms) = postSolution
		{1AA4F6A9-FFDD-4DA9-A494-E300CB402814}.Debug|x64.ActiveCfg = Debug|x64
		{1AA4F6A9-FFDD-4DA9-A494-E300CB402814}.Debug|x64.Build.0 = Debug|x64
		{1AA4F6A9-FFDD-4DA9-A494-E300CB402814}.Debug|x86.ActiveCfg = Debug|Win32
		{1AA4F6A9-FFDD-4DA9-A494-E300CB402814}.Debug|x86.Build.0 = Debug|Win32
		{1AA4F6A9-FFDD-4DA9-A494-E300CB402814}.Release|x64.ActiveCfg = Release|x64
		{1AA4F6A9-FFDD-4DA9-A494-E300CB402814}.Release|x64.Build.0 = Release|x64
		{1AA4F6A9-FFDD-4DA9-A494-E300CB402814}.Release|x86.ActiveCfg = Release|Win32
		{1AA4F6A9-FFDD-4DA9-A494-E300CB402814}.Release|x86.Build.0 = Release|Win32
	EndGlobalSection
	GlobalSection(SolutionProperties) = preSolution
		HideSolutionNode = FALSE
	EndGlobalSection
	GlobalSection(ExtensibilityGlobals) = postSolution
		SolutionGuid = {E3FA9E80-B055-4DF8-909D-58EB39CB6FB9}
	EndGlobalSection
EndGlobal
